// !$*UTF8*$!
{
	archiveVersion = 1;
	classes = {
	};
	objectVersion = 56;
	objects = {

/* Begin PBXBuildFile section */
		680F02742AD6F8A20021F84F /* 1.mp4 in Resources */ = {isa = PBXBuildFile; fileRef = 680F02732AD6F8A20021F84F /* 1.mp4 */; };
		681EB0862AA7A5430053E7C5 /* ShowMyCollectionsView.swift in Sources */ = {isa = PBXBuildFile; fileRef = 681EB0852AA7A5430053E7C5 /* ShowMyCollectionsView.swift */; };
		68280F422AB3541400898220 /* ExampleBlurView.swift in Sources */ = {isa = PBXBuildFile; fileRef = 68280F412AB3541400898220 /* ExampleBlurView.swift */; };
		68280F452AB38A2100898220 /* QuizeView.swift in Sources */ = {isa = PBXBuildFile; fileRef = 68280F442AB38A2100898220 /* QuizeView.swift */; };
		68280F472AB38E3A00898220 /* ViewModifier.swift in Sources */ = {isa = PBXBuildFile; fileRef = 68280F462AB38E3A00898220 /* ViewModifier.swift */; };
		68661F162A9F8DBA00E91113 /* ProfileCardView.swift in Sources */ = {isa = PBXBuildFile; fileRef = 68661F152A9F8DBA00E91113 /* ProfileCardView.swift */; };
		6867F9C82ADC670900AAF602 /* FlexibleView.swift in Sources */ = {isa = PBXBuildFile; fileRef = 6867F9BF2ADC670700AAF602 /* FlexibleView.swift */; };
		6867F9C92ADC670900AAF602 /* ChipView.swift in Sources */ = {isa = PBXBuildFile; fileRef = 6867F9C02ADC670800AAF602 /* ChipView.swift */; };
		6867F9CA2ADC670900AAF602 /* ChipItem.swift in Sources */ = {isa = PBXBuildFile; fileRef = 6867F9C12ADC670800AAF602 /* ChipItem.swift */; };
		6867F9CB2ADC670900AAF602 /* Item.swift in Sources */ = {isa = PBXBuildFile; fileRef = 6867F9C22ADC670800AAF602 /* Item.swift */; };
		6867F9CC2ADC670900AAF602 /* SizePreferenceKey.swift in Sources */ = {isa = PBXBuildFile; fileRef = 6867F9C32ADC670800AAF602 /* SizePreferenceKey.swift */; };
		6867F9CD2ADC670900AAF602 /* View+EraseToAnyView.swift in Sources */ = {isa = PBXBuildFile; fileRef = 6867F9C42ADC670900AAF602 /* View+EraseToAnyView.swift */; };
		6867F9CE2ADC670900AAF602 /* ChipGroup.swift in Sources */ = {isa = PBXBuildFile; fileRef = 6867F9C52ADC670900AAF602 /* ChipGroup.swift */; };
		6867F9CF2ADC670900AAF602 /* ChipGroupVM.swift in Sources */ = {isa = PBXBuildFile; fileRef = 6867F9C62ADC670900AAF602 /* ChipGroupVM.swift */; };
		6867F9D02ADC670900AAF602 /* ChipItemProtocol.swift in Sources */ = {isa = PBXBuildFile; fileRef = 6867F9C72ADC670900AAF602 /* ChipItemProtocol.swift */; };
		68690C192ACC51C900F9F7AF /* FillintheBlanksQuizView.swift in Sources */ = {isa = PBXBuildFile; fileRef = 68690C182ACC51C900F9F7AF /* FillintheBlanksQuizView.swift */; };
		6871336D2AAF5A2B0072C798 /* Nunito-SemiBoldItalic.ttf in Resources */ = {isa = PBXBuildFile; fileRef = 6871335D2AAF5A290072C798 /* Nunito-SemiBoldItalic.ttf */; };
		6871336E2AAF5A2B0072C798 /* Nunito-BlackItalic.ttf in Resources */ = {isa = PBXBuildFile; fileRef = 6871335E2AAF5A290072C798 /* Nunito-BlackItalic.ttf */; };
		6871336F2AAF5A2B0072C798 /* Nunito-Regular.ttf in Resources */ = {isa = PBXBuildFile; fileRef = 6871335F2AAF5A290072C798 /* Nunito-Regular.ttf */; };
		687133702AAF5A2B0072C798 /* Nunito-Medium.ttf in Resources */ = {isa = PBXBuildFile; fileRef = 687133602AAF5A290072C798 /* Nunito-Medium.ttf */; };
		687133712AAF5A2B0072C798 /* Nunito-Italic.ttf in Resources */ = {isa = PBXBuildFile; fileRef = 687133612AAF5A290072C798 /* Nunito-Italic.ttf */; };
		687133722AAF5A2B0072C798 /* Nunito-ExtraLightItalic.ttf in Resources */ = {isa = PBXBuildFile; fileRef = 687133622AAF5A2A0072C798 /* Nunito-ExtraLightItalic.ttf */; };
		687133732AAF5A2B0072C798 /* Nunito-SemiBold.ttf in Resources */ = {isa = PBXBuildFile; fileRef = 687133632AAF5A2A0072C798 /* Nunito-SemiBold.ttf */; };
		687133742AAF5A2B0072C798 /* Nunito-ExtraBold.ttf in Resources */ = {isa = PBXBuildFile; fileRef = 687133642AAF5A2A0072C798 /* Nunito-ExtraBold.ttf */; };
		687133752AAF5A2B0072C798 /* Nunito-Black.ttf in Resources */ = {isa = PBXBuildFile; fileRef = 687133652AAF5A2A0072C798 /* Nunito-Black.ttf */; };
		687133762AAF5A2B0072C798 /* Nunito-Bold.ttf in Resources */ = {isa = PBXBuildFile; fileRef = 687133662AAF5A2A0072C798 /* Nunito-Bold.ttf */; };
		687133772AAF5A2B0072C798 /* Nunito-Light.ttf in Resources */ = {isa = PBXBuildFile; fileRef = 687133672AAF5A2A0072C798 /* Nunito-Light.ttf */; };
		687133782AAF5A2B0072C798 /* Nunito-LightItalic.ttf in Resources */ = {isa = PBXBuildFile; fileRef = 687133682AAF5A2A0072C798 /* Nunito-LightItalic.ttf */; };
		687133792AAF5A2B0072C798 /* Nunito-BoldItalic.ttf in Resources */ = {isa = PBXBuildFile; fileRef = 687133692AAF5A2A0072C798 /* Nunito-BoldItalic.ttf */; };
		6871337A2AAF5A2B0072C798 /* Nunito-ExtraBoldItalic.ttf in Resources */ = {isa = PBXBuildFile; fileRef = 6871336A2AAF5A2A0072C798 /* Nunito-ExtraBoldItalic.ttf */; };
		6871337B2AAF5A2B0072C798 /* Nunito-ExtraLight.ttf in Resources */ = {isa = PBXBuildFile; fileRef = 6871336B2AAF5A2A0072C798 /* Nunito-ExtraLight.ttf */; };
		6871337C2AAF5A2B0072C798 /* Nunito-MediumItalic.ttf in Resources */ = {isa = PBXBuildFile; fileRef = 6871336C2AAF5A2A0072C798 /* Nunito-MediumItalic.ttf */; };
		6879824D2A99215D00E021A7 /* CustomTabBarView.swift in Sources */ = {isa = PBXBuildFile; fileRef = 6879824C2A99215D00E021A7 /* CustomTabBarView.swift */; };
		6879824F2A9921F300E021A7 /* CustomTabBarController.swift in Sources */ = {isa = PBXBuildFile; fileRef = 6879824E2A9921F300E021A7 /* CustomTabBarController.swift */; };
		687982522A9922ED00E021A7 /* Extensions.swift in Sources */ = {isa = PBXBuildFile; fileRef = 687982512A9922ED00E021A7 /* Extensions.swift */; };
		687982542A99233000E021A7 /* AppColors.swift in Sources */ = {isa = PBXBuildFile; fileRef = 687982532A99233000E021A7 /* AppColors.swift */; };
		687982582A9A56B100E021A7 /* AppTheme.swift in Sources */ = {isa = PBXBuildFile; fileRef = 687982572A9A56B100E021A7 /* AppTheme.swift */; };
		6879825A2A9A5E1300E021A7 /* ProfileView.swift in Sources */ = {isa = PBXBuildFile; fileRef = 687982592A9A5E1300E021A7 /* ProfileView.swift */; };
		6879825C2A9B45D100E021A7 /* VideosTabView.swift in Sources */ = {isa = PBXBuildFile; fileRef = 6879825B2A9B45D100E021A7 /* VideosTabView.swift */; };
		6879825E2A9B4EB100E021A7 /* VideoSmallCell.swift in Sources */ = {isa = PBXBuildFile; fileRef = 6879825D2A9B4EB100E021A7 /* VideoSmallCell.swift */; };
		687982602A9CCDC200E021A7 /* SuggestedCoursesCellView.swift in Sources */ = {isa = PBXBuildFile; fileRef = 6879825F2A9CCDC200E021A7 /* SuggestedCoursesCellView.swift */; };
		6879B58E2AA637AF005C2252 /* TrendingVideosCollectionView.swift in Sources */ = {isa = PBXBuildFile; fileRef = 6879B58D2AA637AF005C2252 /* TrendingVideosCollectionView.swift */; };
		6879B5912AA653FE005C2252 /* FollowingView.swift in Sources */ = {isa = PBXBuildFile; fileRef = 6879B5902AA653FE005C2252 /* FollowingView.swift */; };
		68C4A2AA2A928B6000A2E204 /* AppDelegate.swift in Sources */ = {isa = PBXBuildFile; fileRef = 68C4A2A92A928B6000A2E204 /* AppDelegate.swift */; };
		68C4A2AC2A928B6000A2E204 /* SceneDelegate.swift in Sources */ = {isa = PBXBuildFile; fileRef = 68C4A2AB2A928B6000A2E204 /* SceneDelegate.swift */; };
		68C4A2AE2A928B6000A2E204 /* ViewController.swift in Sources */ = {isa = PBXBuildFile; fileRef = 68C4A2AD2A928B6000A2E204 /* ViewController.swift */; };
		68C4A2B12A928B6000A2E204 /* Main.storyboard in Resources */ = {isa = PBXBuildFile; fileRef = 68C4A2AF2A928B6000A2E204 /* Main.storyboard */; };
		68C4A2B32A928B6300A2E204 /* Assets.xcassets in Resources */ = {isa = PBXBuildFile; fileRef = 68C4A2B22A928B6300A2E204 /* Assets.xcassets */; };
		68C4A2B62A928B6300A2E204 /* LaunchScreen.storyboard in Resources */ = {isa = PBXBuildFile; fileRef = 68C4A2B42A928B6300A2E204 /* LaunchScreen.storyboard */; };
		68C4A2E92A92908000A2E204 /* GlidingCollection in Frameworks */ = {isa = PBXBuildFile; productRef = 68C4A2E82A92908000A2E204 /* GlidingCollection */; };
		68D264FD2AC5F5A400A246AB /* TeacherProfileView.swift in Sources */ = {isa = PBXBuildFile; fileRef = 68D264FC2AC5F5A400A246AB /* TeacherProfileView.swift */; };
		68D265052AC8741C00A246AB /* MatchQuizView.swift in Sources */ = {isa = PBXBuildFile; fileRef = 68D265042AC8741C00A246AB /* MatchQuizView.swift */; };
		68D265072AC8982900A246AB /* DragDropQuizView.swift in Sources */ = {isa = PBXBuildFile; fileRef = 68D265062AC8982900A246AB /* DragDropQuizView.swift */; };
		68DAB2F32AA109C50033EF06 /* SearchVideosFilterView.swift in Sources */ = {isa = PBXBuildFile; fileRef = 68DAB2F22AA109C50033EF06 /* SearchVideosFilterView.swift */; };
		68DAB2F62AA117460033EF06 /* ReusableViews.swift in Sources */ = {isa = PBXBuildFile; fileRef = 68DAB2F52AA117460033EF06 /* ReusableViews.swift */; };
		68DAB2F92AA117C40033EF06 /* CustomShapes.swift in Sources */ = {isa = PBXBuildFile; fileRef = 68DAB2F82AA117C40033EF06 /* CustomShapes.swift */; };
		68DAB2FC2AA1192B0033EF06 /* VideoTabViewModel.swift in Sources */ = {isa = PBXBuildFile; fileRef = 68DAB2FB2AA1192B0033EF06 /* VideoTabViewModel.swift */; };
		68DAB2FE2AA123F60033EF06 /* HeaderTabView.swift in Sources */ = {isa = PBXBuildFile; fileRef = 68DAB2FD2AA123F60033EF06 /* HeaderTabView.swift */; };
		68DAB3002AA1269A0033EF06 /* MyCollectionsView.swift in Sources */ = {isa = PBXBuildFile; fileRef = 68DAB2FF2AA1269A0033EF06 /* MyCollectionsView.swift */; };
		68DAB3022AA20B060033EF06 /* VideoWithDetailCellView.swift in Sources */ = {isa = PBXBuildFile; fileRef = 68DAB3012AA20B060033EF06 /* VideoWithDetailCellView.swift */; };
		68DAB3042AA22BE30033EF06 /* CourseDetailView.swift in Sources */ = {isa = PBXBuildFile; fileRef = 68DAB3032AA22BE30033EF06 /* CourseDetailView.swift */; };
		B5B45E4E2A9E433A0076C51F /* LikeFollowButtonsView.swift in Sources */ = {isa = PBXBuildFile; fileRef = B5B45E492A9E43390076C51F /* LikeFollowButtonsView.swift */; };
		B5B45E4F2A9E433A0076C51F /* VideoPlayFooterView.swift in Sources */ = {isa = PBXBuildFile; fileRef = B5B45E4A2A9E43390076C51F /* VideoPlayFooterView.swift */; };
		B5B45E502A9E433A0076C51F /* CustomAppColors.swift in Sources */ = {isa = PBXBuildFile; fileRef = B5B45E4B2A9E43390076C51F /* CustomAppColors.swift */; };
		B5B45E512A9E433A0076C51F /* VideoPlayHeaderView.swift in Sources */ = {isa = PBXBuildFile; fileRef = B5B45E4C2A9E433A0076C51F /* VideoPlayHeaderView.swift */; };
		B5B45E522A9E433A0076C51F /* VideoPlayView.swift in Sources */ = {isa = PBXBuildFile; fileRef = B5B45E4D2A9E433A0076C51F /* VideoPlayView.swift */; };
/* End PBXBuildFile section */

/* Begin PBXCopyFilesBuildPhase section */
		687982562A99251E00E021A7 /* Embed Frameworks */ = {
			isa = PBXCopyFilesBuildPhase;
			buildActionMask = 2147483647;
			dstPath = "";
			dstSubfolderSpec = 10;
			files = (
			);
			name = "Embed Frameworks";
			runOnlyForDeploymentPostprocessing = 0;
		};
/* End PBXCopyFilesBuildPhase section */

/* Begin PBXFileReference section */
		680F02732AD6F8A20021F84F /* 1.mp4 */ = {isa = PBXFileReference; lastKnownFileType = file; path = 1.mp4; sourceTree = "<group>"; };
		681EB0852AA7A5430053E7C5 /* ShowMyCollectionsView.swift */ = {isa = PBXFileReference; lastKnownFileType = sourcecode.swift; path = ShowMyCollectionsView.swift; sourceTree = "<group>"; };
		68280F412AB3541400898220 /* ExampleBlurView.swift */ = {isa = PBXFileReference; lastKnownFileType = sourcecode.swift; path = ExampleBlurView.swift; sourceTree = "<group>"; };
		68280F442AB38A2100898220 /* QuizeView.swift */ = {isa = PBXFileReference; lastKnownFileType = sourcecode.swift; path = QuizeView.swift; sourceTree = "<group>"; };
		68280F462AB38E3A00898220 /* ViewModifier.swift */ = {isa = PBXFileReference; lastKnownFileType = sourcecode.swift; path = ViewModifier.swift; sourceTree = "<group>"; };
		68661F152A9F8DBA00E91113 /* ProfileCardView.swift */ = {isa = PBXFileReference; lastKnownFileType = sourcecode.swift; path = ProfileCardView.swift; sourceTree = "<group>"; };
		6867F9BF2ADC670700AAF602 /* FlexibleView.swift */ = {isa = PBXFileReference; fileEncoding = 4; lastKnownFileType = sourcecode.swift; path = FlexibleView.swift; sourceTree = "<group>"; };
		6867F9C02ADC670800AAF602 /* ChipView.swift */ = {isa = PBXFileReference; fileEncoding = 4; lastKnownFileType = sourcecode.swift; path = ChipView.swift; sourceTree = "<group>"; };
		6867F9C12ADC670800AAF602 /* ChipItem.swift */ = {isa = PBXFileReference; fileEncoding = 4; lastKnownFileType = sourcecode.swift; path = ChipItem.swift; sourceTree = "<group>"; };
		6867F9C22ADC670800AAF602 /* Item.swift */ = {isa = PBXFileReference; fileEncoding = 4; lastKnownFileType = sourcecode.swift; path = Item.swift; sourceTree = "<group>"; };
		6867F9C32ADC670800AAF602 /* SizePreferenceKey.swift */ = {isa = PBXFileReference; fileEncoding = 4; lastKnownFileType = sourcecode.swift; path = SizePreferenceKey.swift; sourceTree = "<group>"; };
		6867F9C42ADC670900AAF602 /* View+EraseToAnyView.swift */ = {isa = PBXFileReference; fileEncoding = 4; lastKnownFileType = sourcecode.swift; path = "View+EraseToAnyView.swift"; sourceTree = "<group>"; };
		6867F9C52ADC670900AAF602 /* ChipGroup.swift */ = {isa = PBXFileReference; fileEncoding = 4; lastKnownFileType = sourcecode.swift; path = ChipGroup.swift; sourceTree = "<group>"; };
		6867F9C62ADC670900AAF602 /* ChipGroupVM.swift */ = {isa = PBXFileReference; fileEncoding = 4; lastKnownFileType = sourcecode.swift; path = ChipGroupVM.swift; sourceTree = "<group>"; };
		6867F9C72ADC670900AAF602 /* ChipItemProtocol.swift */ = {isa = PBXFileReference; fileEncoding = 4; lastKnownFileType = sourcecode.swift; path = ChipItemProtocol.swift; sourceTree = "<group>"; };
		68690C182ACC51C900F9F7AF /* FillintheBlanksQuizView.swift */ = {isa = PBXFileReference; lastKnownFileType = sourcecode.swift; path = FillintheBlanksQuizView.swift; sourceTree = "<group>"; };
		6871335D2AAF5A290072C798 /* Nunito-SemiBoldItalic.ttf */ = {isa = PBXFileReference; lastKnownFileType = file; name = "Nunito-SemiBoldItalic.ttf"; path = "../../../Downloads/Nunito/static/Nunito-SemiBoldItalic.ttf"; sourceTree = "<group>"; };
		6871335E2AAF5A290072C798 /* Nunito-BlackItalic.ttf */ = {isa = PBXFileReference; lastKnownFileType = file; name = "Nunito-BlackItalic.ttf"; path = "../../../Downloads/Nunito/static/Nunito-BlackItalic.ttf"; sourceTree = "<group>"; };
		6871335F2AAF5A290072C798 /* Nunito-Regular.ttf */ = {isa = PBXFileReference; lastKnownFileType = file; name = "Nunito-Regular.ttf"; path = "../../../Downloads/Nunito/static/Nunito-Regular.ttf"; sourceTree = "<group>"; };
		687133602AAF5A290072C798 /* Nunito-Medium.ttf */ = {isa = PBXFileReference; lastKnownFileType = file; name = "Nunito-Medium.ttf"; path = "../../../Downloads/Nunito/static/Nunito-Medium.ttf"; sourceTree = "<group>"; };
		687133612AAF5A290072C798 /* Nunito-Italic.ttf */ = {isa = PBXFileReference; lastKnownFileType = file; name = "Nunito-Italic.ttf"; path = "../../../Downloads/Nunito/static/Nunito-Italic.ttf"; sourceTree = "<group>"; };
		687133622AAF5A2A0072C798 /* Nunito-ExtraLightItalic.ttf */ = {isa = PBXFileReference; lastKnownFileType = file; name = "Nunito-ExtraLightItalic.ttf"; path = "../../../Downloads/Nunito/static/Nunito-ExtraLightItalic.ttf"; sourceTree = "<group>"; };
		687133632AAF5A2A0072C798 /* Nunito-SemiBold.ttf */ = {isa = PBXFileReference; lastKnownFileType = file; name = "Nunito-SemiBold.ttf"; path = "../../../Downloads/Nunito/static/Nunito-SemiBold.ttf"; sourceTree = "<group>"; };
		687133642AAF5A2A0072C798 /* Nunito-ExtraBold.ttf */ = {isa = PBXFileReference; lastKnownFileType = file; name = "Nunito-ExtraBold.ttf"; path = "../../../Downloads/Nunito/static/Nunito-ExtraBold.ttf"; sourceTree = "<group>"; };
		687133652AAF5A2A0072C798 /* Nunito-Black.ttf */ = {isa = PBXFileReference; lastKnownFileType = file; name = "Nunito-Black.ttf"; path = "../../../Downloads/Nunito/static/Nunito-Black.ttf"; sourceTree = "<group>"; };
		687133662AAF5A2A0072C798 /* Nunito-Bold.ttf */ = {isa = PBXFileReference; lastKnownFileType = file; name = "Nunito-Bold.ttf"; path = "../../../Downloads/Nunito/static/Nunito-Bold.ttf"; sourceTree = "<group>"; };
		687133672AAF5A2A0072C798 /* Nunito-Light.ttf */ = {isa = PBXFileReference; lastKnownFileType = file; name = "Nunito-Light.ttf"; path = "../../../Downloads/Nunito/static/Nunito-Light.ttf"; sourceTree = "<group>"; };
		687133682AAF5A2A0072C798 /* Nunito-LightItalic.ttf */ = {isa = PBXFileReference; lastKnownFileType = file; name = "Nunito-LightItalic.ttf"; path = "../../../Downloads/Nunito/static/Nunito-LightItalic.ttf"; sourceTree = "<group>"; };
		687133692AAF5A2A0072C798 /* Nunito-BoldItalic.ttf */ = {isa = PBXFileReference; lastKnownFileType = file; name = "Nunito-BoldItalic.ttf"; path = "../../../Downloads/Nunito/static/Nunito-BoldItalic.ttf"; sourceTree = "<group>"; };
		6871336A2AAF5A2A0072C798 /* Nunito-ExtraBoldItalic.ttf */ = {isa = PBXFileReference; lastKnownFileType = file; name = "Nunito-ExtraBoldItalic.ttf"; path = "../../../Downloads/Nunito/static/Nunito-ExtraBoldItalic.ttf"; sourceTree = "<group>"; };
		6871336B2AAF5A2A0072C798 /* Nunito-ExtraLight.ttf */ = {isa = PBXFileReference; lastKnownFileType = file; name = "Nunito-ExtraLight.ttf"; path = "../../../Downloads/Nunito/static/Nunito-ExtraLight.ttf"; sourceTree = "<group>"; };
		6871336C2AAF5A2A0072C798 /* Nunito-MediumItalic.ttf */ = {isa = PBXFileReference; lastKnownFileType = file; name = "Nunito-MediumItalic.ttf"; path = "../../../Downloads/Nunito/static/Nunito-MediumItalic.ttf"; sourceTree = "<group>"; };
		6879824C2A99215D00E021A7 /* CustomTabBarView.swift */ = {isa = PBXFileReference; lastKnownFileType = sourcecode.swift; path = CustomTabBarView.swift; sourceTree = "<group>"; };
		6879824E2A9921F300E021A7 /* CustomTabBarController.swift */ = {isa = PBXFileReference; lastKnownFileType = sourcecode.swift; path = CustomTabBarController.swift; sourceTree = "<group>"; };
		687982512A9922ED00E021A7 /* Extensions.swift */ = {isa = PBXFileReference; lastKnownFileType = sourcecode.swift; path = Extensions.swift; sourceTree = "<group>"; };
		687982532A99233000E021A7 /* AppColors.swift */ = {isa = PBXFileReference; lastKnownFileType = sourcecode.swift; path = AppColors.swift; sourceTree = "<group>"; };
		687982572A9A56B100E021A7 /* AppTheme.swift */ = {isa = PBXFileReference; lastKnownFileType = sourcecode.swift; path = AppTheme.swift; sourceTree = "<group>"; };
		687982592A9A5E1300E021A7 /* ProfileView.swift */ = {isa = PBXFileReference; lastKnownFileType = sourcecode.swift; path = ProfileView.swift; sourceTree = "<group>"; };
		6879825B2A9B45D100E021A7 /* VideosTabView.swift */ = {isa = PBXFileReference; lastKnownFileType = sourcecode.swift; path = VideosTabView.swift; sourceTree = "<group>"; };
		6879825D2A9B4EB100E021A7 /* VideoSmallCell.swift */ = {isa = PBXFileReference; lastKnownFileType = sourcecode.swift; path = VideoSmallCell.swift; sourceTree = "<group>"; };
		6879825F2A9CCDC200E021A7 /* SuggestedCoursesCellView.swift */ = {isa = PBXFileReference; lastKnownFileType = sourcecode.swift; path = SuggestedCoursesCellView.swift; sourceTree = "<group>"; };
		6879B58D2AA637AF005C2252 /* TrendingVideosCollectionView.swift */ = {isa = PBXFileReference; lastKnownFileType = sourcecode.swift; path = TrendingVideosCollectionView.swift; sourceTree = "<group>"; };
		6879B5902AA653FE005C2252 /* FollowingView.swift */ = {isa = PBXFileReference; lastKnownFileType = sourcecode.swift; path = FollowingView.swift; sourceTree = "<group>"; };
		68C4A2A62A928B6000A2E204 /* Short Videos App.app */ = {isa = PBXFileReference; explicitFileType = wrapper.application; includeInIndex = 0; path = "Short Videos App.app"; sourceTree = BUILT_PRODUCTS_DIR; };
		68C4A2A92A928B6000A2E204 /* AppDelegate.swift */ = {isa = PBXFileReference; lastKnownFileType = sourcecode.swift; path = AppDelegate.swift; sourceTree = "<group>"; };
		68C4A2AB2A928B6000A2E204 /* SceneDelegate.swift */ = {isa = PBXFileReference; lastKnownFileType = sourcecode.swift; path = SceneDelegate.swift; sourceTree = "<group>"; };
		68C4A2AD2A928B6000A2E204 /* ViewController.swift */ = {isa = PBXFileReference; lastKnownFileType = sourcecode.swift; path = ViewController.swift; sourceTree = "<group>"; };
		68C4A2B02A928B6000A2E204 /* Base */ = {isa = PBXFileReference; lastKnownFileType = file.storyboard; name = Base; path = Base.lproj/Main.storyboard; sourceTree = "<group>"; };
		68C4A2B22A928B6300A2E204 /* Assets.xcassets */ = {isa = PBXFileReference; lastKnownFileType = folder.assetcatalog; path = Assets.xcassets; sourceTree = "<group>"; };
		68C4A2B52A928B6300A2E204 /* Base */ = {isa = PBXFileReference; lastKnownFileType = file.storyboard; name = Base; path = Base.lproj/LaunchScreen.storyboard; sourceTree = "<group>"; };
		68C4A2B72A928B6300A2E204 /* Info.plist */ = {isa = PBXFileReference; lastKnownFileType = text.plist.xml; path = Info.plist; sourceTree = "<group>"; };
		68D264FC2AC5F5A400A246AB /* TeacherProfileView.swift */ = {isa = PBXFileReference; lastKnownFileType = sourcecode.swift; path = TeacherProfileView.swift; sourceTree = "<group>"; };
		68D265042AC8741C00A246AB /* MatchQuizView.swift */ = {isa = PBXFileReference; lastKnownFileType = sourcecode.swift; path = MatchQuizView.swift; sourceTree = "<group>"; };
		68D265062AC8982900A246AB /* DragDropQuizView.swift */ = {isa = PBXFileReference; lastKnownFileType = sourcecode.swift; path = DragDropQuizView.swift; sourceTree = "<group>"; };
		68DAB2F22AA109C50033EF06 /* SearchVideosFilterView.swift */ = {isa = PBXFileReference; lastKnownFileType = sourcecode.swift; path = SearchVideosFilterView.swift; sourceTree = "<group>"; };
		68DAB2F52AA117460033EF06 /* ReusableViews.swift */ = {isa = PBXFileReference; lastKnownFileType = sourcecode.swift; path = ReusableViews.swift; sourceTree = "<group>"; };
		68DAB2F82AA117C40033EF06 /* CustomShapes.swift */ = {isa = PBXFileReference; lastKnownFileType = sourcecode.swift; path = CustomShapes.swift; sourceTree = "<group>"; };
		68DAB2FB2AA1192B0033EF06 /* VideoTabViewModel.swift */ = {isa = PBXFileReference; lastKnownFileType = sourcecode.swift; path = VideoTabViewModel.swift; sourceTree = "<group>"; };
		68DAB2FD2AA123F60033EF06 /* HeaderTabView.swift */ = {isa = PBXFileReference; lastKnownFileType = sourcecode.swift; path = HeaderTabView.swift; sourceTree = "<group>"; };
		68DAB2FF2AA1269A0033EF06 /* MyCollectionsView.swift */ = {isa = PBXFileReference; lastKnownFileType = sourcecode.swift; path = MyCollectionsView.swift; sourceTree = "<group>"; };
		68DAB3012AA20B060033EF06 /* VideoWithDetailCellView.swift */ = {isa = PBXFileReference; lastKnownFileType = sourcecode.swift; path = VideoWithDetailCellView.swift; sourceTree = "<group>"; };
		68DAB3032AA22BE30033EF06 /* CourseDetailView.swift */ = {isa = PBXFileReference; lastKnownFileType = sourcecode.swift; path = CourseDetailView.swift; sourceTree = "<group>"; };
		B5B45E492A9E43390076C51F /* LikeFollowButtonsView.swift */ = {isa = PBXFileReference; fileEncoding = 4; lastKnownFileType = sourcecode.swift; path = LikeFollowButtonsView.swift; sourceTree = "<group>"; };
		B5B45E4A2A9E43390076C51F /* VideoPlayFooterView.swift */ = {isa = PBXFileReference; fileEncoding = 4; lastKnownFileType = sourcecode.swift; path = VideoPlayFooterView.swift; sourceTree = "<group>"; };
		B5B45E4B2A9E43390076C51F /* CustomAppColors.swift */ = {isa = PBXFileReference; fileEncoding = 4; lastKnownFileType = sourcecode.swift; path = CustomAppColors.swift; sourceTree = "<group>"; };
		B5B45E4C2A9E433A0076C51F /* VideoPlayHeaderView.swift */ = {isa = PBXFileReference; fileEncoding = 4; lastKnownFileType = sourcecode.swift; path = VideoPlayHeaderView.swift; sourceTree = "<group>"; };
		B5B45E4D2A9E433A0076C51F /* VideoPlayView.swift */ = {isa = PBXFileReference; fileEncoding = 4; lastKnownFileType = sourcecode.swift; path = VideoPlayView.swift; sourceTree = "<group>"; };
/* End PBXFileReference section */

/* Begin PBXFrameworksBuildPhase section */
		68C4A2A32A928B6000A2E204 /* Frameworks */ = {
			isa = PBXFrameworksBuildPhase;
			buildActionMask = 2147483647;
			files = (
				68C4A2E92A92908000A2E204 /* GlidingCollection in Frameworks */,
			);
			runOnlyForDeploymentPostprocessing = 0;
		};
/* End PBXFrameworksBuildPhase section */

/* Begin PBXGroup section */
		681EB0842AA7A4F80053E7C5 /* PrivateCollectionViews */ = {
			isa = PBXGroup;
			children = (
				681EB0852AA7A5430053E7C5 /* ShowMyCollectionsView.swift */,
			);
			name = PrivateCollectionViews;
			path = "New Group";
			sourceTree = "<group>";
		};
		68280F432AB38A0600898220 /* QuizesView */ = {
			isa = PBXGroup;
			children = (
				68D265042AC8741C00A246AB /* MatchQuizView.swift */,
				68280F442AB38A2100898220 /* QuizeView.swift */,
				68D265062AC8982900A246AB /* DragDropQuizView.swift */,
				68690C182ACC51C900F9F7AF /* FillintheBlanksQuizView.swift */,
			);
			path = QuizesView;
			sourceTree = "<group>";
		};
		6867F9BE2ADC65B800AAF602 /* ChipsComponets */ = {
			isa = PBXGroup;
			children = (
				6867F9C52ADC670900AAF602 /* ChipGroup.swift */,
				6867F9C62ADC670900AAF602 /* ChipGroupVM.swift */,
				6867F9C12ADC670800AAF602 /* ChipItem.swift */,
				6867F9C72ADC670900AAF602 /* ChipItemProtocol.swift */,
				6867F9C02ADC670800AAF602 /* ChipView.swift */,
				6867F9BF2ADC670700AAF602 /* FlexibleView.swift */,
				6867F9C22ADC670800AAF602 /* Item.swift */,
				6867F9C32ADC670800AAF602 /* SizePreferenceKey.swift */,
				6867F9C42ADC670900AAF602 /* View+EraseToAnyView.swift */,
			);
			path = ChipsComponets;
			sourceTree = "<group>";
		};
		6879824B2A99208D00E021A7 /* Views */ = {
			isa = PBXGroup;
			children = (
				6867F9BE2ADC65B800AAF602 /* ChipsComponets */,
				68280F432AB38A0600898220 /* QuizesView */,
				681EB0842AA7A4F80053E7C5 /* PrivateCollectionViews */,
				6879B58F2AA653DD005C2252 /* FollowingViews */,
				6879B58C2AA63783005C2252 /* TrendingVideos */,
				68DAB2FA2AA119100033EF06 /* ViewModels */,
				68DAB2F72AA117AE0033EF06 /* CustomShapes */,
				68DAB2F42AA117250033EF06 /* ReusableViews */,
				B5B45E482A9E431A0076C51F /* VideoPlayerView */,
				6879824C2A99215D00E021A7 /* CustomTabBarView.swift */,
				6879824E2A9921F300E021A7 /* CustomTabBarController.swift */,
				687982592A9A5E1300E021A7 /* ProfileView.swift */,
				6879825B2A9B45D100E021A7 /* VideosTabView.swift */,
				6879825D2A9B4EB100E021A7 /* VideoSmallCell.swift */,
				6879825F2A9CCDC200E021A7 /* SuggestedCoursesCellView.swift */,
				68661F152A9F8DBA00E91113 /* ProfileCardView.swift */,
				68DAB2F22AA109C50033EF06 /* SearchVideosFilterView.swift */,
				68DAB2FD2AA123F60033EF06 /* HeaderTabView.swift */,
				68DAB2FF2AA1269A0033EF06 /* MyCollectionsView.swift */,
				68DAB3012AA20B060033EF06 /* VideoWithDetailCellView.swift */,
				68DAB3032AA22BE30033EF06 /* CourseDetailView.swift */,
				68D264FC2AC5F5A400A246AB /* TeacherProfileView.swift */,
			);
			path = Views;
			sourceTree = "<group>";
		};
		687982502A9922AB00E021A7 /* Utilities */ = {
			isa = PBXGroup;
			children = (
				687982512A9922ED00E021A7 /* Extensions.swift */,
				687982532A99233000E021A7 /* AppColors.swift */,
				687982572A9A56B100E021A7 /* AppTheme.swift */,
				68280F412AB3541400898220 /* ExampleBlurView.swift */,
				68280F462AB38E3A00898220 /* ViewModifier.swift */,
			);
			path = Utilities;
			sourceTree = "<group>";
		};
		6879B58C2AA63783005C2252 /* TrendingVideos */ = {
			isa = PBXGroup;
			children = (
				6879B58D2AA637AF005C2252 /* TrendingVideosCollectionView.swift */,
			);
			path = TrendingVideos;
			sourceTree = "<group>";
		};
		6879B58F2AA653DD005C2252 /* FollowingViews */ = {
			isa = PBXGroup;
			children = (
				6879B5902AA653FE005C2252 /* FollowingView.swift */,
			);
			path = FollowingViews;
			sourceTree = "<group>";
		};
		68C4A29D2A928B6000A2E204 = {
			isa = PBXGroup;
			children = (
				68C4A2A82A928B6000A2E204 /* Short Videos App */,
				68C4A2A72A928B6000A2E204 /* Products */,
			);
			sourceTree = "<group>";
		};
		68C4A2A72A928B6000A2E204 /* Products */ = {
			isa = PBXGroup;
			children = (
				68C4A2A62A928B6000A2E204 /* Short Videos App.app */,
			);
			name = Products;
			sourceTree = "<group>";
		};
		68C4A2A82A928B6000A2E204 /* Short Videos App */ = {
			isa = PBXGroup;
			children = (
				680F02732AD6F8A20021F84F /* 1.mp4 */,
				687133652AAF5A2A0072C798 /* Nunito-Black.ttf */,
				6871335E2AAF5A290072C798 /* Nunito-BlackItalic.ttf */,
				687133662AAF5A2A0072C798 /* Nunito-Bold.ttf */,
				687133692AAF5A2A0072C798 /* Nunito-BoldItalic.ttf */,
				687133642AAF5A2A0072C798 /* Nunito-ExtraBold.ttf */,
				6871336A2AAF5A2A0072C798 /* Nunito-ExtraBoldItalic.ttf */,
				6871336B2AAF5A2A0072C798 /* Nunito-ExtraLight.ttf */,
				687133622AAF5A2A0072C798 /* Nunito-ExtraLightItalic.ttf */,
				687133612AAF5A290072C798 /* Nunito-Italic.ttf */,
				687133672AAF5A2A0072C798 /* Nunito-Light.ttf */,
				687133682AAF5A2A0072C798 /* Nunito-LightItalic.ttf */,
				687133602AAF5A290072C798 /* Nunito-Medium.ttf */,
				6871336C2AAF5A2A0072C798 /* Nunito-MediumItalic.ttf */,
				6871335F2AAF5A290072C798 /* Nunito-Regular.ttf */,
				687133632AAF5A2A0072C798 /* Nunito-SemiBold.ttf */,
				6871335D2AAF5A290072C798 /* Nunito-SemiBoldItalic.ttf */,
				687982502A9922AB00E021A7 /* Utilities */,
				6879824B2A99208D00E021A7 /* Views */,
				68C4A2A92A928B6000A2E204 /* AppDelegate.swift */,
				68C4A2AB2A928B6000A2E204 /* SceneDelegate.swift */,
				68C4A2AD2A928B6000A2E204 /* ViewController.swift */,
				68C4A2AF2A928B6000A2E204 /* Main.storyboard */,
				68C4A2B22A928B6300A2E204 /* Assets.xcassets */,
				68C4A2B42A928B6300A2E204 /* LaunchScreen.storyboard */,
				68C4A2B72A928B6300A2E204 /* Info.plist */,
			);
			path = "Short Videos App";
			sourceTree = "<group>";
		};
		68DAB2F42AA117250033EF06 /* ReusableViews */ = {
			isa = PBXGroup;
			children = (
				68DAB2F52AA117460033EF06 /* ReusableViews.swift */,
			);
			path = ReusableViews;
			sourceTree = "<group>";
		};
		68DAB2F72AA117AE0033EF06 /* CustomShapes */ = {
			isa = PBXGroup;
			children = (
				68DAB2F82AA117C40033EF06 /* CustomShapes.swift */,
			);
			path = CustomShapes;
			sourceTree = "<group>";
		};
		68DAB2FA2AA119100033EF06 /* ViewModels */ = {
			isa = PBXGroup;
			children = (
				68DAB2FB2AA1192B0033EF06 /* VideoTabViewModel.swift */,
			);
			path = ViewModels;
			sourceTree = "<group>";
		};
		B5B45E482A9E431A0076C51F /* VideoPlayerView */ = {
			isa = PBXGroup;
			children = (
				B5B45E4B2A9E43390076C51F /* CustomAppColors.swift */,
				B5B45E492A9E43390076C51F /* LikeFollowButtonsView.swift */,
				B5B45E4A2A9E43390076C51F /* VideoPlayFooterView.swift */,
				B5B45E4C2A9E433A0076C51F /* VideoPlayHeaderView.swift */,
				B5B45E4D2A9E433A0076C51F /* VideoPlayView.swift */,
			);
			path = VideoPlayerView;
			sourceTree = "<group>";
		};
/* End PBXGroup section */

/* Begin PBXNativeTarget section */
		68C4A2A52A928B6000A2E204 /* Short Videos App */ = {
			isa = PBXNativeTarget;
			buildConfigurationList = 68C4A2BA2A928B6300A2E204 /* Build configuration list for PBXNativeTarget "Short Videos App" */;
			buildPhases = (
				68C4A2A22A928B6000A2E204 /* Sources */,
				68C4A2A32A928B6000A2E204 /* Frameworks */,
				68C4A2A42A928B6000A2E204 /* Resources */,
				687982562A99251E00E021A7 /* Embed Frameworks */,
			);
			buildRules = (
			);
			dependencies = (
			);
			name = "Short Videos App";
			packageProductDependencies = (
				68C4A2E82A92908000A2E204 /* GlidingCollection */,
			);
			productName = "Short Videos App";
			productReference = 68C4A2A62A928B6000A2E204 /* Short Videos App.app */;
			productType = "com.apple.product-type.application";
		};
/* End PBXNativeTarget section */

/* Begin PBXProject section */
		68C4A29E2A928B6000A2E204 /* Project object */ = {
			isa = PBXProject;
			attributes = {
				BuildIndependentTargetsInParallel = 1;
				LastSwiftUpdateCheck = 1430;
				LastUpgradeCheck = 1430;
				TargetAttributes = {
					68C4A2A52A928B6000A2E204 = {
						CreatedOnToolsVersion = 14.3.1;
					};
				};
			};
			buildConfigurationList = 68C4A2A12A928B6000A2E204 /* Build configuration list for PBXProject "Short Videos App" */;
			compatibilityVersion = "Xcode 14.0";
			developmentRegion = en;
			hasScannedForEncodings = 0;
			knownRegions = (
				en,
				Base,
			);
			mainGroup = 68C4A29D2A928B6000A2E204;
			packageReferences = (
				68C4A2E22A928F6A00A2E204 /* XCRemoteSwiftPackageReference "SnapKit" */,
				68C4A2E72A92908000A2E204 /* XCRemoteSwiftPackageReference "gliding-collection" */,
			);
			productRefGroup = 68C4A2A72A928B6000A2E204 /* Products */;
			projectDirPath = "";
			projectRoot = "";
			targets = (
				68C4A2A52A928B6000A2E204 /* Short Videos App */,
			);
		};
/* End PBXProject section */

/* Begin PBXResourcesBuildPhase section */
		68C4A2A42A928B6000A2E204 /* Resources */ = {
			isa = PBXResourcesBuildPhase;
			buildActionMask = 2147483647;
			files = (
				687133742AAF5A2B0072C798 /* Nunito-ExtraBold.ttf in Resources */,
				6871336F2AAF5A2B0072C798 /* Nunito-Regular.ttf in Resources */,
				687133792AAF5A2B0072C798 /* Nunito-BoldItalic.ttf in Resources */,
				6871337B2AAF5A2B0072C798 /* Nunito-ExtraLight.ttf in Resources */,
				6871337A2AAF5A2B0072C798 /* Nunito-ExtraBoldItalic.ttf in Resources */,
				687133762AAF5A2B0072C798 /* Nunito-Bold.ttf in Resources */,
				687133722AAF5A2B0072C798 /* Nunito-ExtraLightItalic.ttf in Resources */,
				6871336D2AAF5A2B0072C798 /* Nunito-SemiBoldItalic.ttf in Resources */,
				68C4A2B62A928B6300A2E204 /* LaunchScreen.storyboard in Resources */,
				687133732AAF5A2B0072C798 /* Nunito-SemiBold.ttf in Resources */,
				68C4A2B32A928B6300A2E204 /* Assets.xcassets in Resources */,
				680F02742AD6F8A20021F84F /* 1.mp4 in Resources */,
				687133772AAF5A2B0072C798 /* Nunito-Light.ttf in Resources */,
				687133702AAF5A2B0072C798 /* Nunito-Medium.ttf in Resources */,
				687133712AAF5A2B0072C798 /* Nunito-Italic.ttf in Resources */,
				68C4A2B12A928B6000A2E204 /* Main.storyboard in Resources */,
				6871336E2AAF5A2B0072C798 /* Nunito-BlackItalic.ttf in Resources */,
				6871337C2AAF5A2B0072C798 /* Nunito-MediumItalic.ttf in Resources */,
				687133782AAF5A2B0072C798 /* Nunito-LightItalic.ttf in Resources */,
				687133752AAF5A2B0072C798 /* Nunito-Black.ttf in Resources */,
			);
			runOnlyForDeploymentPostprocessing = 0;
		};
/* End PBXResourcesBuildPhase section */

/* Begin PBXSourcesBuildPhase section */
		68C4A2A22A928B6000A2E204 /* Sources */ = {
			isa = PBXSourcesBuildPhase;
			buildActionMask = 2147483647;
			files = (
				6867F9C82ADC670900AAF602 /* FlexibleView.swift in Sources */,
				68280F422AB3541400898220 /* ExampleBlurView.swift in Sources */,
				B5B45E4E2A9E433A0076C51F /* LikeFollowButtonsView.swift in Sources */,
				687982602A9CCDC200E021A7 /* SuggestedCoursesCellView.swift in Sources */,
				68DAB3042AA22BE30033EF06 /* CourseDetailView.swift in Sources */,
				687982522A9922ED00E021A7 /* Extensions.swift in Sources */,
				B5B45E512A9E433A0076C51F /* VideoPlayHeaderView.swift in Sources */,
				6879B58E2AA637AF005C2252 /* TrendingVideosCollectionView.swift in Sources */,
				6879824D2A99215D00E021A7 /* CustomTabBarView.swift in Sources */,
				B5B45E4F2A9E433A0076C51F /* VideoPlayFooterView.swift in Sources */,
				6867F9CC2ADC670900AAF602 /* SizePreferenceKey.swift in Sources */,
				B5B45E522A9E433A0076C51F /* VideoPlayView.swift in Sources */,
				68DAB2FE2AA123F60033EF06 /* HeaderTabView.swift in Sources */,
				6867F9CA2ADC670900AAF602 /* ChipItem.swift in Sources */,
				68DAB2F62AA117460033EF06 /* ReusableViews.swift in Sources */,
				6879825A2A9A5E1300E021A7 /* ProfileView.swift in Sources */,
				68D264FD2AC5F5A400A246AB /* TeacherProfileView.swift in Sources */,
				68DAB3002AA1269A0033EF06 /* MyCollectionsView.swift in Sources */,
				68DAB2F32AA109C50033EF06 /* SearchVideosFilterView.swift in Sources */,
				68D265072AC8982900A246AB /* DragDropQuizView.swift in Sources */,
				6867F9C92ADC670900AAF602 /* ChipView.swift in Sources */,
				6867F9CB2ADC670900AAF602 /* Item.swift in Sources */,
				6879B5912AA653FE005C2252 /* FollowingView.swift in Sources */,
				68690C192ACC51C900F9F7AF /* FillintheBlanksQuizView.swift in Sources */,
				6867F9CD2ADC670900AAF602 /* View+EraseToAnyView.swift in Sources */,
				6879825C2A9B45D100E021A7 /* VideosTabView.swift in Sources */,
				68DAB2F92AA117C40033EF06 /* CustomShapes.swift in Sources */,
				68280F452AB38A2100898220 /* QuizeView.swift in Sources */,
				6879824F2A9921F300E021A7 /* CustomTabBarController.swift in Sources */,
				6867F9CE2ADC670900AAF602 /* ChipGroup.swift in Sources */,
				68DAB3022AA20B060033EF06 /* VideoWithDetailCellView.swift in Sources */,
				687982582A9A56B100E021A7 /* AppTheme.swift in Sources */,
				6879825E2A9B4EB100E021A7 /* VideoSmallCell.swift in Sources */,
				68280F472AB38E3A00898220 /* ViewModifier.swift in Sources */,
				68C4A2AE2A928B6000A2E204 /* ViewController.swift in Sources */,
				68661F162A9F8DBA00E91113 /* ProfileCardView.swift in Sources */,
				687982542A99233000E021A7 /* AppColors.swift in Sources */,
				681EB0862AA7A5430053E7C5 /* ShowMyCollectionsView.swift in Sources */,
				68C4A2AA2A928B6000A2E204 /* AppDelegate.swift in Sources */,
				B5B45E502A9E433A0076C51F /* CustomAppColors.swift in Sources */,
				6867F9CF2ADC670900AAF602 /* ChipGroupVM.swift in Sources */,
				68D265052AC8741C00A246AB /* MatchQuizView.swift in Sources */,
				68C4A2AC2A928B6000A2E204 /* SceneDelegate.swift in Sources */,
				6867F9D02ADC670900AAF602 /* ChipItemProtocol.swift in Sources */,
				68DAB2FC2AA1192B0033EF06 /* VideoTabViewModel.swift in Sources */,
			);
			runOnlyForDeploymentPostprocessing = 0;
		};
/* End PBXSourcesBuildPhase section */

/* Begin PBXVariantGroup section */
		68C4A2AF2A928B6000A2E204 /* Main.storyboard */ = {
			isa = PBXVariantGroup;
			children = (
				68C4A2B02A928B6000A2E204 /* Base */,
			);
			name = Main.storyboard;
			sourceTree = "<group>";
		};
		68C4A2B42A928B6300A2E204 /* LaunchScreen.storyboard */ = {
			isa = PBXVariantGroup;
			children = (
				68C4A2B52A928B6300A2E204 /* Base */,
			);
			name = LaunchScreen.storyboard;
			sourceTree = "<group>";
		};
/* End PBXVariantGroup section */

/* Begin XCBuildConfiguration section */
		68C4A2B82A928B6300A2E204 /* Debug */ = {
			isa = XCBuildConfiguration;
			buildSettings = {
				ALWAYS_SEARCH_USER_PATHS = NO;
				CLANG_ANALYZER_NONNULL = YES;
				CLANG_ANALYZER_NUMBER_OBJECT_CONVERSION = YES_AGGRESSIVE;
				CLANG_CXX_LANGUAGE_STANDARD = "gnu++20";
				CLANG_ENABLE_MODULES = YES;
				CLANG_ENABLE_OBJC_ARC = YES;
				CLANG_ENABLE_OBJC_WEAK = YES;
				CLANG_WARN_BLOCK_CAPTURE_AUTORELEASING = YES;
				CLANG_WARN_BOOL_CONVERSION = YES;
				CLANG_WARN_COMMA = YES;
				CLANG_WARN_CONSTANT_CONVERSION = YES;
				CLANG_WARN_DEPRECATED_OBJC_IMPLEMENTATIONS = YES;
				CLANG_WARN_DIRECT_OBJC_ISA_USAGE = YES_ERROR;
				CLANG_WARN_DOCUMENTATION_COMMENTS = YES;
				CLANG_WARN_EMPTY_BODY = YES;
				CLANG_WARN_ENUM_CONVERSION = YES;
				CLANG_WARN_INFINITE_RECURSION = YES;
				CLANG_WARN_INT_CONVERSION = YES;
				CLANG_WARN_NON_LITERAL_NULL_CONVERSION = YES;
				CLANG_WARN_OBJC_IMPLICIT_RETAIN_SELF = YES;
				CLANG_WARN_OBJC_LITERAL_CONVERSION = YES;
				CLANG_WARN_OBJC_ROOT_CLASS = YES_ERROR;
				CLANG_WARN_QUOTED_INCLUDE_IN_FRAMEWORK_HEADER = YES;
				CLANG_WARN_RANGE_LOOP_ANALYSIS = YES;
				CLANG_WARN_STRICT_PROTOTYPES = YES;
				CLANG_WARN_SUSPICIOUS_MOVE = YES;
				CLANG_WARN_UNGUARDED_AVAILABILITY = YES_AGGRESSIVE;
				CLANG_WARN_UNREACHABLE_CODE = YES;
				CLANG_WARN__DUPLICATE_METHOD_MATCH = YES;
				COPY_PHASE_STRIP = NO;
				DEBUG_INFORMATION_FORMAT = dwarf;
				ENABLE_STRICT_OBJC_MSGSEND = YES;
				ENABLE_TESTABILITY = YES;
				GCC_C_LANGUAGE_STANDARD = gnu11;
				GCC_DYNAMIC_NO_PIC = NO;
				GCC_NO_COMMON_BLOCKS = YES;
				GCC_OPTIMIZATION_LEVEL = 0;
				GCC_PREPROCESSOR_DEFINITIONS = (
					"DEBUG=1",
					"$(inherited)",
				);
				GCC_WARN_64_TO_32_BIT_CONVERSION = YES;
				GCC_WARN_ABOUT_RETURN_TYPE = YES_ERROR;
				GCC_WARN_UNDECLARED_SELECTOR = YES;
				GCC_WARN_UNINITIALIZED_AUTOS = YES_AGGRESSIVE;
				GCC_WARN_UNUSED_FUNCTION = YES;
				GCC_WARN_UNUSED_VARIABLE = YES;
				IPHONEOS_DEPLOYMENT_TARGET = 15.0;
				MTL_ENABLE_DEBUG_INFO = INCLUDE_SOURCE;
				MTL_FAST_MATH = YES;
				ONLY_ACTIVE_ARCH = YES;
				SDKROOT = iphoneos;
				SWIFT_ACTIVE_COMPILATION_CONDITIONS = DEBUG;
				SWIFT_OPTIMIZATION_LEVEL = "-Onone";
			};
			name = Debug;
		};
		68C4A2B92A928B6300A2E204 /* Release */ = {
			isa = XCBuildConfiguration;
			buildSettings = {
				ALWAYS_SEARCH_USER_PATHS = NO;
				CLANG_ANALYZER_NONNULL = YES;
				CLANG_ANALYZER_NUMBER_OBJECT_CONVERSION = YES_AGGRESSIVE;
				CLANG_CXX_LANGUAGE_STANDARD = "gnu++20";
				CLANG_ENABLE_MODULES = YES;
				CLANG_ENABLE_OBJC_ARC = YES;
				CLANG_ENABLE_OBJC_WEAK = YES;
				CLANG_WARN_BLOCK_CAPTURE_AUTORELEASING = YES;
				CLANG_WARN_BOOL_CONVERSION = YES;
				CLANG_WARN_COMMA = YES;
				CLANG_WARN_CONSTANT_CONVERSION = YES;
				CLANG_WARN_DEPRECATED_OBJC_IMPLEMENTATIONS = YES;
				CLANG_WARN_DIRECT_OBJC_ISA_USAGE = YES_ERROR;
				CLANG_WARN_DOCUMENTATION_COMMENTS = YES;
				CLANG_WARN_EMPTY_BODY = YES;
				CLANG_WARN_ENUM_CONVERSION = YES;
				CLANG_WARN_INFINITE_RECURSION = YES;
				CLANG_WARN_INT_CONVERSION = YES;
				CLANG_WARN_NON_LITERAL_NULL_CONVERSION = YES;
				CLANG_WARN_OBJC_IMPLICIT_RETAIN_SELF = YES;
				CLANG_WARN_OBJC_LITERAL_CONVERSION = YES;
				CLANG_WARN_OBJC_ROOT_CLASS = YES_ERROR;
				CLANG_WARN_QUOTED_INCLUDE_IN_FRAMEWORK_HEADER = YES;
				CLANG_WARN_RANGE_LOOP_ANALYSIS = YES;
				CLANG_WARN_STRICT_PROTOTYPES = YES;
				CLANG_WARN_SUSPICIOUS_MOVE = YES;
				CLANG_WARN_UNGUARDED_AVAILABILITY = YES_AGGRESSIVE;
				CLANG_WARN_UNREACHABLE_CODE = YES;
				CLANG_WARN__DUPLICATE_METHOD_MATCH = YES;
				COPY_PHASE_STRIP = NO;
				DEBUG_INFORMATION_FORMAT = "dwarf-with-dsym";
				ENABLE_NS_ASSERTIONS = NO;
				ENABLE_STRICT_OBJC_MSGSEND = YES;
				GCC_C_LANGUAGE_STANDARD = gnu11;
				GCC_NO_COMMON_BLOCKS = YES;
				GCC_WARN_64_TO_32_BIT_CONVERSION = YES;
				GCC_WARN_ABOUT_RETURN_TYPE = YES_ERROR;
				GCC_WARN_UNDECLARED_SELECTOR = YES;
				GCC_WARN_UNINITIALIZED_AUTOS = YES_AGGRESSIVE;
				GCC_WARN_UNUSED_FUNCTION = YES;
				GCC_WARN_UNUSED_VARIABLE = YES;
				IPHONEOS_DEPLOYMENT_TARGET = 15.0;
				MTL_ENABLE_DEBUG_INFO = NO;
				MTL_FAST_MATH = YES;
				SDKROOT = iphoneos;
				SWIFT_COMPILATION_MODE = wholemodule;
				SWIFT_OPTIMIZATION_LEVEL = "-O";
				VALIDATE_PRODUCT = YES;
			};
			name = Release;
		};
		68C4A2BB2A928B6300A2E204 /* Debug */ = {
			isa = XCBuildConfiguration;
			buildSettings = {
				ASSETCATALOG_COMPILER_APPICON_NAME = AppIcon;
				ASSETCATALOG_COMPILER_GLOBAL_ACCENT_COLOR_NAME = AccentColor;
				CODE_SIGN_STYLE = Automatic;
				CURRENT_PROJECT_VERSION = 1;
				DEVELOPMENT_TEAM = DJ25AAF2X9;
				GENERATE_INFOPLIST_FILE = YES;
				INFOPLIST_FILE = "Short Videos App/Info.plist";
				INFOPLIST_KEY_LSApplicationCategoryType = "public.app-category.education";
				INFOPLIST_KEY_UIApplicationSupportsIndirectInputEvents = YES;
				INFOPLIST_KEY_UILaunchStoryboardName = LaunchScreen;
				INFOPLIST_KEY_UIMainStoryboardFile = Main;
				INFOPLIST_KEY_UISupportedInterfaceOrientations = "UIInterfaceOrientationLandscapeLeft UIInterfaceOrientationLandscapeRight UIInterfaceOrientationPortrait";
				INFOPLIST_KEY_UISupportedInterfaceOrientations_iPad = "UIInterfaceOrientationLandscapeLeft UIInterfaceOrientationLandscapeRight UIInterfaceOrientationPortrait UIInterfaceOrientationPortraitUpsideDown";
				INFOPLIST_KEY_UIUserInterfaceStyle = Dark;
				IPHONEOS_DEPLOYMENT_TARGET = 16.0;
				LD_RUNPATH_SEARCH_PATHS = (
					"$(inherited)",
					"@executable_path/Frameworks",
				);
				MARKETING_VERSION = 1.0;
				PRODUCT_BUNDLE_IDENTIFIER = "com.shortvideos.app.Short-Videos-Appp";
				PRODUCT_NAME = "$(TARGET_NAME)";
				SUPPORTED_PLATFORMS = "iphoneos iphonesimulator";
				SUPPORTS_MACCATALYST = NO;
				SUPPORTS_MAC_DESIGNED_FOR_IPHONE_IPAD = NO;
				SWIFT_EMIT_LOC_STRINGS = YES;
				SWIFT_VERSION = 5.0;
				TARGETED_DEVICE_FAMILY = 1;
			};
			name = Debug;
		};
		68C4A2BC2A928B6300A2E204 /* Release */ = {
			isa = XCBuildConfiguration;
			buildSettings = {
				ASSETCATALOG_COMPILER_APPICON_NAME = AppIcon;
				ASSETCATALOG_COMPILER_GLOBAL_ACCENT_COLOR_NAME = AccentColor;
				CODE_SIGN_STYLE = Automatic;
				CURRENT_PROJECT_VERSION = 1;
				DEVELOPMENT_TEAM = DJ25AAF2X9;
				GENERATE_INFOPLIST_FILE = YES;
				INFOPLIST_FILE = "Short Videos App/Info.plist";
				INFOPLIST_KEY_LSApplicationCategoryType = "public.app-category.education";
				INFOPLIST_KEY_UIApplicationSupportsIndirectInputEvents = YES;
				INFOPLIST_KEY_UILaunchStoryboardName = LaunchScreen;
				INFOPLIST_KEY_UIMainStoryboardFile = Main;
				INFOPLIST_KEY_UISupportedInterfaceOrientations = "UIInterfaceOrientationLandscapeLeft UIInterfaceOrientationLandscapeRight UIInterfaceOrientationPortrait";
				INFOPLIST_KEY_UISupportedInterfaceOrientations_iPad = "UIInterfaceOrientationLandscapeLeft UIInterfaceOrientationLandscapeRight UIInterfaceOrientationPortrait UIInterfaceOrientationPortraitUpsideDown";
				INFOPLIST_KEY_UIUserInterfaceStyle = Dark;
				IPHONEOS_DEPLOYMENT_TARGET = 16.0;
				LD_RUNPATH_SEARCH_PATHS = (
					"$(inherited)",
					"@executable_path/Frameworks",
				);
				MARKETING_VERSION = 1.0;
				PRODUCT_BUNDLE_IDENTIFIER = "com.shortvideos.app.Short-Videos-Appp";
				PRODUCT_NAME = "$(TARGET_NAME)";
				SUPPORTED_PLATFORMS = "iphoneos iphonesimulator";
				SUPPORTS_MACCATALYST = NO;
				SUPPORTS_MAC_DESIGNED_FOR_IPHONE_IPAD = NO;
				SWIFT_EMIT_LOC_STRINGS = YES;
				SWIFT_VERSION = 5.0;
				TARGETED_DEVICE_FAMILY = 1;
			};
			name = Release;
		};
/* End XCBuildConfiguration section */

/* Begin XCConfigurationList section */
		68C4A2A12A928B6000A2E204 /* Build configuration list for PBXProject "Short Videos App" */ = {
			isa = XCConfigurationList;
			buildConfigurations = (
				68C4A2B82A928B6300A2E204 /* Debug */,
				68C4A2B92A928B6300A2E204 /* Release */,
			);
			defaultConfigurationIsVisible = 0;
			defaultConfigurationName = Release;
		};
		68C4A2BA2A928B6300A2E204 /* Build configuration list for PBXNativeTarget "Short Videos App" */ = {
			isa = XCConfigurationList;
			buildConfigurations = (
				68C4A2BB2A928B6300A2E204 /* Debug */,
				68C4A2BC2A928B6300A2E204 /* Release */,
			);
			defaultConfigurationIsVisible = 0;
			defaultConfigurationName = Release;
		};
/* End XCConfigurationList section */

/* Begin XCRemoteSwiftPackageReference section */
		68C4A2E22A928F6A00A2E204 /* XCRemoteSwiftPackageReference "SnapKit" */ = {
			isa = XCRemoteSwiftPackageReference;
			repositoryURL = "https://github.com/SnapKit/SnapKit.git";
			requirement = {
				kind = upToNextMajorVersion;
				minimumVersion = 5.0.0;
			};
		};
		68C4A2E72A92908000A2E204 /* XCRemoteSwiftPackageReference "gliding-collection" */ = {
			isa = XCRemoteSwiftPackageReference;
			repositoryURL = "https://github.com/Ramotion/gliding-collection.git";
			requirement = {
				kind = upToNextMajorVersion;
				minimumVersion = 2.0.0;
			};
		};
/* End XCRemoteSwiftPackageReference section */

/* Begin XCSwiftPackageProductDependency section */
		68C4A2E82A92908000A2E204 /* GlidingCollection */ = {
			isa = XCSwiftPackageProductDependency;
			package = 68C4A2E72A92908000A2E204 /* XCRemoteSwiftPackageReference "gliding-collection" */;
			productName = GlidingCollection;
		};
/* End XCSwiftPackageProductDependency section */
	};
	rootObject = 68C4A29E2A928B6000A2E204 /* Project object */;
}
